
Microsoft Visual Studio Solution File, Format Version 12.00
# Visual Studio 2013
VisualStudioVersion = 12.0.40629.0
MinimumVisualStudioVersion = 10.0.40219.1
Project("{FAE04EC0-301F-11D3-BF4B-00C04F79EFBC}") = "EShop", "EShop\EShop.csproj", "{B0E6AABB-F6E6-470A-9F90-B497CA3AD822}"
EndProject
Project("{FAE04EC0-301F-11D3-BF4B-00C04F79EFBC}") = "EShop.Tests", "EShop.Tests\EShop.Tests.csproj", "{11DCEF18-E3E3-49F2-AD92-341911E2E2F3}"
EndProject
Global
	GlobalSection(SolutionConfigurationPlatforms) = preSolution
		Debug|Any CPU = Debug|Any CPU
		Release|Any CPU = Release|Any CPU
	EndGlobalSection
	GlobalSection(ProjectConfigurationPlatforms) = postSolution
		{B0E6AABB-F6E6-470A-9F90-B497CA3AD822}.Debug|Any CPU.ActiveCfg = Debug|Any CPU
		{B0E6AABB-F6E6-470A-9F90-B497CA3AD822}.Debug|Any CPU.Build.0 = Debug|Any CPU
		{B0E6AABB-F6E6-470A-9F90-B497CA3AD822}.Release|Any CPU.ActiveCfg = Release|Any CPU
		{B0E6AABB-F6E6-470A-9F90-B497CA3AD822}.Release|Any CPU.Build.0 = Release|Any CPU
		{11DCEF18-E3E3-49F2-AD92-341911E2E2F3}.Debug|Any CPU.ActiveCfg = Debug|Any CPU
		{11DCEF18-E3E3-49F2-AD92-341911E2E2F3}.Debug|Any CPU.Build.0 = Debug|Any CPU
		{11DCEF18-E3E3-49F2-AD92-341911E2E2F3}.Release|Any CPU.ActiveCfg = Release|Any CPU
		{11DCEF18-E3E3-49F2-AD92-341911E2E2F3}.Release|Any CPU.Build.0 = Release|Any CPU
	EndGlobalSection
	GlobalSection(SolutionProperties) = preSolution
		HideSolutionNode = FALSE
	EndGlobalSection
EndGlobal
